
Microsoft Visual Studio Solution File, Format Version 12.00
# Visual Studio 15
VisualStudioVersion = 15.0.27130.2010
MinimumVisualStudioVersion = 10.0.40219.1
Project("{FAE04EC0-301F-11D3-BF4B-00C04F79EFBC}") = "GreedySnake", "Fina\GreedySnake.csproj", "{E88CD78D-49FB-4A6A-8BC3-8C884C0D61AB}"
EndProject
Global
	GlobalSection(SolutionConfigurationPlatforms) = preSolution
		Debug|Any CPU = Debug|Any CPU
		Release|Any CPU = Release|Any CPU
	EndGlobalSection
	GlobalSection(ProjectConfigurationPlatforms) = postSolution
		{E88CD78D-49FB-4A6A-8BC3-8C884C0D61AB}.Debug|Any CPU.ActiveCfg = Debug|Any CPU
		{E88CD78D-49FB-4A6A-8BC3-8C884C0D61AB}.Debug|Any CPU.Build.0 = Debug|Any CPU
		{E88CD78D-49FB-4A6A-8BC3-8C884C0D61AB}.Release|Any CPU.ActiveCfg = Release|Any CPU
		{E88CD78D-49FB-4A6A-8BC3-8C884C0D61AB}.Release|Any CPU.Build.0 = Release|Any CPU
	EndGlobalSection
	GlobalSection(SolutionProperties) = preSolution
		HideSolutionNode = FALSE
	EndGlobalSection
	GlobalSection(ExtensibilityGlobals) = postSolution
		SolutionGuid = {AF959246-6EA2-4A96-AE22-443F38C33A7D}
	EndGlobalSection
EndGlobal
